
Microsoft Visual Studio Solution File, Format Version 12.00
#
Project("{FAE04EC0-301F-11D3-BF4B-00C04F79EFBC}") = "Hackathon.API", "Hackathon.API\Hackathon.API.csproj", "{4A0310CD-2F6C-46ED-8629-CC5C6C1F6A9C}"
EndProject
Project("{2150E333-8FDC-42A3-9474-1A3956D46DE8}") = "Solution Items", "Solution Items", "{88598F0D-7467-4C0A-B811-292BB7021E2F}"
	ProjectSection(SolutionItems) = preProject
		compose.yaml = compose.yaml
	EndProjectSection
EndProject
Project("{FAE04EC0-301F-11D3-BF4B-00C04F79EFBC}") = "Hackathon.Domain", "Hackathon.Domain\Hackathon.Domain.csproj", "{3B61976C-37F2-4C0C-97DF-68074DF7A089}"
EndProject
Project("{FAE04EC0-301F-11D3-BF4B-00C04F79EFBC}") = "Hackathon.Application", "Hackathon.Application\Hackathon.Application.csproj", "{3E9D9C96-57DB-41DC-A81E-9BEDF3C50F54}"
EndProject
Project("{FAE04EC0-301F-11D3-BF4B-00C04F79EFBC}") = "Hackathon.Infrastructure", "Hackathon.Infrastructure\Hackathon.Infrastructure.csproj", "{22DDEDFF-E1E0-451A-A7D8-C3DC25AA242C}"
EndProject
Project("{2150E333-8FDC-42A3-9474-1A3956D46DE8}") = "src", "src", "{A632CC89-3D9D-45E7-A708-C43870FD003B}"
EndProject
Project("{2150E333-8FDC-42A3-9474-1A3956D46DE8}") = "tests", "tests", "{AA40B13B-8BFF-4650-910E-EE8741F9BD8C}"
EndProject
Project("{FAE04EC0-301F-11D3-BF4B-00C04F79EFBC}") = "Hackathon.Domain.Tests", "Hackathon.Domain.Tests\Hackathon.Domain.Tests.csproj", "{7DC4FCC5-2870-4961-96F4-114F893B2E06}"
EndProject
Project("{FAE04EC0-301F-11D3-BF4B-00C04F79EFBC}") = "Hackathon.API.Tests", "Hackathon.API.Tests\Hackathon.API.Tests.csproj", "{B341ABBA-4240-4D75-BE0E-7C7E91E1F42D}"
EndProject
Project("{FAE04EC0-301F-11D3-BF4B-00C04F79EFBC}") = "Hackathon.Application.Tests", "Hackathon.Application.Tests\Hackathon.Application.Tests.csproj", "{3080EE14-DF75-4BF0-9A65-E169B088C778}"
EndProject
Project("{FAE04EC0-301F-11D3-BF4B-00C04F79EFBC}") = "Hackathon.Infrastructure.Tests", "Hackathon.Infrastructure.Tests\Hackathon.Infrastructure.Tests.csproj", "{3FD1390A-6262-440A-A010-BCACBDFB6180}"
EndProject

Global
	GlobalSection(SolutionConfigurationPlatforms) = preSolution
		Debug|Any CPU = Debug|Any CPU
		Release|Any CPU = Release|Any CPU
	EndGlobalSection
	GlobalSection(ProjectConfigurationPlatforms) = postSolution
		{4A0310CD-2F6C-46ED-8629-CC5C6C1F6A9C}.Debug|Any CPU.ActiveCfg = Debug|Any CPU
		{4A0310CD-2F6C-46ED-8629-CC5C6C1F6A9C}.Debug|Any CPU.Build.0 = Debug|Any CPU
		{4A0310CD-2F6C-46ED-8629-CC5C6C1F6A9C}.Release|Any CPU.ActiveCfg = Release|Any CPU
		{4A0310CD-2F6C-46ED-8629-CC5C6C1F6A9C}.Release|Any CPU.Build.0 = Release|Any CPU
		{3B61976C-37F2-4C0C-97DF-68074DF7A089}.Debug|Any CPU.ActiveCfg = Debug|Any CPU
		{3B61976C-37F2-4C0C-97DF-68074DF7A089}.Debug|Any CPU.Build.0 = Debug|Any CPU
		{3B61976C-37F2-4C0C-97DF-68074DF7A089}.Release|Any CPU.ActiveCfg = Release|Any CPU
		{3B61976C-37F2-4C0C-97DF-68074DF7A089}.Release|Any CPU.Build.0 = Release|Any CPU
		{3E9D9C96-57DB-41DC-A81E-9BEDF3C50F54}.Debug|Any CPU.ActiveCfg = Debug|Any CPU
		{3E9D9C96-57DB-41DC-A81E-9BEDF3C50F54}.Debug|Any CPU.Build.0 = Debug|Any CPU
		{3E9D9C96-57DB-41DC-A81E-9BEDF3C50F54}.Release|Any CPU.ActiveCfg = Release|Any CPU
		{3E9D9C96-57DB-41DC-A81E-9BEDF3C50F54}.Release|Any CPU.Build.0 = Release|Any CPU
		{22DDEDFF-E1E0-451A-A7D8-C3DC25AA242C}.Debug|Any CPU.ActiveCfg = Debug|Any CPU
		{22DDEDFF-E1E0-451A-A7D8-C3DC25AA242C}.Debug|Any CPU.Build.0 = Debug|Any CPU
		{22DDEDFF-E1E0-451A-A7D8-C3DC25AA242C}.Release|Any CPU.ActiveCfg = Release|Any CPU
		{22DDEDFF-E1E0-451A-A7D8-C3DC25AA242C}.Release|Any CPU.Build.0 = Release|Any CPU
		{5A1B2C3D-4E5F-6G7H-8I9J-K0L1M2N3O4P5}.Debug|Any CPU.ActiveCfg = Debug|Any CPU
		{5A1B2C3D-4E5F-6G7H-8I9J-K0L1M2N3O4P5}.Debug|Any CPU.Build.0 = Debug|Any CPU
		{5A1B2C3D-4E5F-6G7H-8I9J-K0L1M2N3O4P5}.Release|Any CPU.ActiveCfg = Release|Any CPU
		{5A1B2C3D-4E5F-6G7H-8I9J-K0L1M2N3O4P5}.Release|Any CPU.Build.0 = Release|Any CPU
		{7DC4FCC5-2870-4961-96F4-114F893B2E06}.Debug|Any CPU.ActiveCfg = Debug|Any CPU
		{7DC4FCC5-2870-4961-96F4-114F893B2E06}.Debug|Any CPU.Build.0 = Debug|Any CPU
		{7DC4FCC5-2870-4961-96F4-114F893B2E06}.Release|Any CPU.ActiveCfg = Release|Any CPU
		{7DC4FCC5-2870-4961-96F4-114F893B2E06}.Release|Any CPU.Build.0 = Release|Any CPU
		{B341ABBA-4240-4D75-BE0E-7C7E91E1F42D}.Debug|Any CPU.ActiveCfg = Debug|Any CPU
		{B341ABBA-4240-4D75-BE0E-7C7E91E1F42D}.Debug|Any CPU.Build.0 = Debug|Any CPU
		{B341ABBA-4240-4D75-BE0E-7C7E91E1F42D}.Release|Any CPU.ActiveCfg = Release|Any CPU
		{B341ABBA-4240-4D75-BE0E-7C7E91E1F42D}.Release|Any CPU.Build.0 = Release|Any CPU
		{3080EE14-DF75-4BF0-9A65-E169B088C778}.Debug|Any CPU.ActiveCfg = Debug|Any CPU
		{3080EE14-DF75-4BF0-9A65-E169B088C778}.Debug|Any CPU.Build.0 = Debug|Any CPU
		{3080EE14-DF75-4BF0-9A65-E169B088C778}.Release|Any CPU.ActiveCfg = Release|Any CPU
		{3080EE14-DF75-4BF0-9A65-E169B088C778}.Release|Any CPU.Build.0 = Release|Any CPU
		{3FD1390A-6262-440A-A010-BCACBDFB6180}.Debug|Any CPU.ActiveCfg = Debug|Any CPU
		{3FD1390A-6262-440A-A010-BCACBDFB6180}.Debug|Any CPU.Build.0 = Debug|Any CPU
		{3FD1390A-6262-440A-A010-BCACBDFB6180}.Release|Any CPU.ActiveCfg = Release|Any CPU
		{3FD1390A-6262-440A-A010-BCACBDFB6180}.Release|Any CPU.Build.0 = Release|Any CPU
	EndGlobalSection
	GlobalSection(NestedProjects) = preSolution
		{4A0310CD-2F6C-46ED-8629-CC5C6C1F6A9C} = {A632CC89-3D9D-45E7-A708-C43870FD003B}
		{3E9D9C96-57DB-41DC-A81E-9BEDF3C50F54} = {A632CC89-3D9D-45E7-A708-C43870FD003B}
		{3B61976C-37F2-4C0C-97DF-68074DF7A089} = {A632CC89-3D9D-45E7-A708-C43870FD003B}
		{22DDEDFF-E1E0-451A-A7D8-C3DC25AA242C} = {A632CC89-3D9D-45E7-A708-C43870FD003B}
		{7DC4FCC5-2870-4961-96F4-114F893B2E06} = {AA40B13B-8BFF-4650-910E-EE8741F9BD8C}
		{B341ABBA-4240-4D75-BE0E-7C7E91E1F42D} = {AA40B13B-8BFF-4650-910E-EE8741F9BD8C}
		{3080EE14-DF75-4BF0-9A65-E169B088C778} = {AA40B13B-8BFF-4650-910E-EE8741F9BD8C}
		{3FD1390A-6262-440A-A010-BCACBDFB6180} = {AA40B13B-8BFF-4650-910E-EE8741F9BD8C}
	EndGlobalSection
EndGlobal
