
Microsoft Visual Studio Solution File, Format Version 12.00
#
Project("{FAE04EC0-301F-11D3-BF4B-00C04F79EFBC}") = "Hackathon.API", "Hackathon.API\Hackathon.API.csproj", "{4A0310CD-2F6C-46ED-8629-CC5C6C1F6A9C}"
EndProject
Project("{2150E333-8FDC-42A3-9474-1A3956D46DE8}") = "Solution Items", "Solution Items", "{88598F0D-7467-4C0A-B811-292BB7021E2F}"
	ProjectSection(SolutionItems) = preProject
		compose.yaml = compose.yaml
	EndProjectSection
EndProject
Project("{FAE04EC0-301F-11D3-BF4B-00C04F79EFBC}") = "Hackathon.Domain", "Hackathon.Domain\Hackathon.Domain.csproj", "{3B61976C-37F2-4C0C-97DF-68074DF7A089}"
EndProject
Project("{FAE04EC0-301F-11D3-BF4B-00C04F79EFBC}") = "Hackathon.Application", "Hackathon.Application\Hackathon.Application.csproj", "{3E9D9C96-57DB-41DC-A81E-9BEDF3C50F54}"
EndProject
Project("{FAE04EC0-301F-11D3-BF4B-00C04F79EFBC}") = "Hackathon.Infrastructure", "Hackathon.Infrastructure\Hackathon.Infrastructure.csproj", "{22DDEDFF-E1E0-451A-A7D8-C3DC25AA242C}"
EndProject
Project("{FAE04EC0-301F-11D3-BF4B-00C04F79EFBC}") = "Hackathon.Abstractions", "Hackathon.Abstractions\Hackathon.Abstractions.csproj", "{5A1B2C3D-4E5F-6G7H-8I9J-K0L1M2N3O4P5}"
EndProject
Global
	GlobalSection(SolutionConfigurationPlatforms) = preSolution
		Debug|Any CPU = Debug|Any CPU
		Release|Any CPU = Release|Any CPU
	EndGlobalSection
	GlobalSection(ProjectConfigurationPlatforms) = postSolution
		{4A0310CD-2F6C-46ED-8629-CC5C6C1F6A9C}.Debug|Any CPU.ActiveCfg = Debug|Any CPU
		{4A0310CD-2F6C-46ED-8629-CC5C6C1F6A9C}.Debug|Any CPU.Build.0 = Debug|Any CPU
		{4A0310CD-2F6C-46ED-8629-CC5C6C1F6A9C}.Release|Any CPU.ActiveCfg = Release|Any CPU
		{4A0310CD-2F6C-46ED-8629-CC5C6C1F6A9C}.Release|Any CPU.Build.0 = Release|Any CPU
		{3B61976C-37F2-4C0C-97DF-68074DF7A089}.Debug|Any CPU.ActiveCfg = Debug|Any CPU
		{3B61976C-37F2-4C0C-97DF-68074DF7A089}.Debug|Any CPU.Build.0 = Debug|Any CPU
		{3B61976C-37F2-4C0C-97DF-68074DF7A089}.Release|Any CPU.ActiveCfg = Release|Any CPU
		{3B61976C-37F2-4C0C-97DF-68074DF7A089}.Release|Any CPU.Build.0 = Release|Any CPU
		{3E9D9C96-57DB-41DC-A81E-9BEDF3C50F54}.Debug|Any CPU.ActiveCfg = Debug|Any CPU
		{3E9D9C96-57DB-41DC-A81E-9BEDF3C50F54}.Debug|Any CPU.Build.0 = Debug|Any CPU
		{3E9D9C96-57DB-41DC-A81E-9BEDF3C50F54}.Release|Any CPU.ActiveCfg = Release|Any CPU
		{3E9D9C96-57DB-41DC-A81E-9BEDF3C50F54}.Release|Any CPU.Build.0 = Release|Any CPU
		{22DDEDFF-E1E0-451A-A7D8-C3DC25AA242C}.Debug|Any CPU.ActiveCfg = Debug|Any CPU
		{22DDEDFF-E1E0-451A-A7D8-C3DC25AA242C}.Debug|Any CPU.Build.0 = Debug|Any CPU
		{22DDEDFF-E1E0-451A-A7D8-C3DC25AA242C}.Release|Any CPU.ActiveCfg = Release|Any CPU
		{22DDEDFF-E1E0-451A-A7D8-C3DC25AA242C}.Release|Any CPU.Build.0 = Release|Any CPU
		{5A1B2C3D-4E5F-6G7H-8I9J-K0L1M2N3O4P5}.Debug|Any CPU.ActiveCfg = Debug|Any CPU
		{5A1B2C3D-4E5F-6G7H-8I9J-K0L1M2N3O4P5}.Debug|Any CPU.Build.0 = Debug|Any CPU
		{5A1B2C3D-4E5F-6G7H-8I9J-K0L1M2N3O4P5}.Release|Any CPU.ActiveCfg = Release|Any CPU
		{5A1B2C3D-4E5F-6G7H-8I9J-K0L1M2N3O4P5}.Release|Any CPU.Build.0 = Release|Any CPU
	EndGlobalSection
EndGlobal
